
Microsoft Visual Studio Solution File, Format Version 11.00
# Visual Studio 2010
Project("{FAE04EC0-301F-11D3-BF4B-00C04F79EFBC}") = "HistoryOfObservations", "HistoryOfObservations\HistoryOfObservations.csproj", "{50D81B1A-EA13-45ED-8A65-46DDDB7FFC4E}"
EndProject
Project("{2150E333-8FDC-42A3-9474-1A3956D46DE8}") = "Solution Items", "Solution Items", "{7238C259-B2A1-400F-902C-F2AD6C0C28E7}"
	ProjectSection(SolutionItems) = preProject
		HistoryOfObservations.vsmdi = HistoryOfObservations.vsmdi
		Local.testsettings = Local.testsettings
		TraceAndTestImpact.testsettings = TraceAndTestImpact.testsettings
	EndProjectSection
EndProject
Project("{FAE04EC0-301F-11D3-BF4B-00C04F79EFBC}") = "TestProject", "TestProject\TestProject.csproj", "{86A7E8DE-9202-4C7E-88D6-48FBBC6D8212}"
EndProject
Project("{FAE04EC0-301F-11D3-BF4B-00C04F79EFBC}") = "DayliObserver", "DayliObserver\DayliObserver.csproj", "{503F4758-6A42-4EC9-87F7-1E6A835FA59E}"
EndProject
Global
	GlobalSection(TestCaseManagementSettings) = postSolution
		CategoryFile = HistoryOfObservations.vsmdi
	EndGlobalSection
	GlobalSection(SolutionConfigurationPlatforms) = preSolution
		Debug|Any CPU = Debug|Any CPU
		Debug|Mixed Platforms = Debug|Mixed Platforms
		Debug|x86 = Debug|x86
		Release|Any CPU = Release|Any CPU
		Release|Mixed Platforms = Release|Mixed Platforms
		Release|x86 = Release|x86
	EndGlobalSection
	GlobalSection(ProjectConfigurationPlatforms) = postSolution
		{50D81B1A-EA13-45ED-8A65-46DDDB7FFC4E}.Debug|Any CPU.ActiveCfg = Debug|Any CPU
		{50D81B1A-EA13-45ED-8A65-46DDDB7FFC4E}.Debug|Any CPU.Build.0 = Debug|Any CPU
		{50D81B1A-EA13-45ED-8A65-46DDDB7FFC4E}.Debug|Mixed Platforms.ActiveCfg = Debug|Any CPU
		{50D81B1A-EA13-45ED-8A65-46DDDB7FFC4E}.Debug|Mixed Platforms.Build.0 = Debug|Any CPU
		{50D81B1A-EA13-45ED-8A65-46DDDB7FFC4E}.Debug|x86.ActiveCfg = Debug|Any CPU
		{50D81B1A-EA13-45ED-8A65-46DDDB7FFC4E}.Release|Any CPU.ActiveCfg = Release|Any CPU
		{50D81B1A-EA13-45ED-8A65-46DDDB7FFC4E}.Release|Any CPU.Build.0 = Release|Any CPU
		{50D81B1A-EA13-45ED-8A65-46DDDB7FFC4E}.Release|Mixed Platforms.ActiveCfg = Release|Any CPU
		{50D81B1A-EA13-45ED-8A65-46DDDB7FFC4E}.Release|Mixed Platforms.Build.0 = Release|Any CPU
		{50D81B1A-EA13-45ED-8A65-46DDDB7FFC4E}.Release|x86.ActiveCfg = Release|Any CPU
		{86A7E8DE-9202-4C7E-88D6-48FBBC6D8212}.Debug|Any CPU.ActiveCfg = Debug|Any CPU
		{86A7E8DE-9202-4C7E-88D6-48FBBC6D8212}.Debug|Any CPU.Build.0 = Debug|Any CPU
		{86A7E8DE-9202-4C7E-88D6-48FBBC6D8212}.Debug|Mixed Platforms.ActiveCfg = Debug|Any CPU
		{86A7E8DE-9202-4C7E-88D6-48FBBC6D8212}.Debug|Mixed Platforms.Build.0 = Debug|Any CPU
		{86A7E8DE-9202-4C7E-88D6-48FBBC6D8212}.Debug|x86.ActiveCfg = Debug|Any CPU
		{86A7E8DE-9202-4C7E-88D6-48FBBC6D8212}.Release|Any CPU.ActiveCfg = Release|Any CPU
		{86A7E8DE-9202-4C7E-88D6-48FBBC6D8212}.Release|Any CPU.Build.0 = Release|Any CPU
		{86A7E8DE-9202-4C7E-88D6-48FBBC6D8212}.Release|Mixed Platforms.ActiveCfg = Release|Any CPU
		{86A7E8DE-9202-4C7E-88D6-48FBBC6D8212}.Release|Mixed Platforms.Build.0 = Release|Any CPU
		{86A7E8DE-9202-4C7E-88D6-48FBBC6D8212}.Release|x86.ActiveCfg = Release|Any CPU
		{503F4758-6A42-4EC9-87F7-1E6A835FA59E}.Debug|Any CPU.ActiveCfg = Debug|x86
		{503F4758-6A42-4EC9-87F7-1E6A835FA59E}.Debug|Mixed Platforms.ActiveCfg = Debug|x86
		{503F4758-6A42-4EC9-87F7-1E6A835FA59E}.Debug|Mixed Platforms.Build.0 = Debug|x86
		{503F4758-6A42-4EC9-87F7-1E6A835FA59E}.Debug|x86.ActiveCfg = Debug|x86
		{503F4758-6A42-4EC9-87F7-1E6A835FA59E}.Debug|x86.Build.0 = Debug|x86
		{503F4758-6A42-4EC9-87F7-1E6A835FA59E}.Release|Any CPU.ActiveCfg = Release|x86
		{503F4758-6A42-4EC9-87F7-1E6A835FA59E}.Release|Mixed Platforms.ActiveCfg = Release|x86
		{503F4758-6A42-4EC9-87F7-1E6A835FA59E}.Release|Mixed Platforms.Build.0 = Release|x86
		{503F4758-6A42-4EC9-87F7-1E6A835FA59E}.Release|x86.ActiveCfg = Release|x86
		{503F4758-6A42-4EC9-87F7-1E6A835FA59E}.Release|x86.Build.0 = Release|x86
	EndGlobalSection
	GlobalSection(SolutionProperties) = preSolution
		HideSolutionNode = FALSE
	EndGlobalSection
EndGlobal
